
Microsoft Visual Studio Solution File, Format Version 12.00
Project("{FAE04EC0-301F-11D3-BF4B-00C04F79EFBC}") = "DayOneSolution", "DayOneSolution\DayOneSolution.csproj", "{CDCEFDD4-F38E-4DE4-9F35-5CDA9C895714}"
EndProject
Project("{2150E333-8FDC-42A3-9474-1A3956D46DE8}") = "Solution Items", "Solution Items", "{B55162E0-AA79-480D-8522-B8D44EE0007A}"
	ProjectSection(SolutionItems) = preProject
		compose.yaml = compose.yaml
	EndProjectSection
EndProject
Project("{FAE04EC0-301F-11D3-BF4B-00C04F79EFBC}") = "TestProject1", "TestProject1\TestProject1.csproj", "{A48A9861-CD70-49A6-A8F8-6FAA6E4B13BC}"
EndProject
Project("{2150E333-8FDC-42A3-9474-1A3956D46DE8}") = "DayTwo", "DayTwo", "{5A217F2A-861F-4EAE-8764-BAE9E7509C32}"
EndProject
Project("{FAE04EC0-301F-11D3-BF4B-00C04F79EFBC}") = "DayTwo", "DayTwo\DayTwo.csproj", "{508A894F-F3EB-40FE-A0CB-3C5C4FA0DA53}"
EndProject
Project("{2150E333-8FDC-42A3-9474-1A3956D46DE8}") = "DayThree", "DayThree", "{76A19145-E10F-4E16-86F8-616490828720}"
EndProject
Project("{FAE04EC0-301F-11D3-BF4B-00C04F79EFBC}") = "DayThree", "DayThree\DayThree.csproj", "{BA6EEA1E-E214-44CE-80E8-C21E5C568817}"
EndProject
Project("{FAE04EC0-301F-11D3-BF4B-00C04F79EFBC}") = "DayThreeTests", "DayThreeTests\DayThreeTests.csproj", "{3A87ADC6-D8A7-4596-BCFC-6D452527BE7B}"
EndProject
Global
	GlobalSection(SolutionConfigurationPlatforms) = preSolution
		Debug|Any CPU = Debug|Any CPU
		Release|Any CPU = Release|Any CPU
	EndGlobalSection
	GlobalSection(ProjectConfigurationPlatforms) = postSolution
		{CDCEFDD4-F38E-4DE4-9F35-5CDA9C895714}.Debug|Any CPU.ActiveCfg = Debug|Any CPU
		{CDCEFDD4-F38E-4DE4-9F35-5CDA9C895714}.Debug|Any CPU.Build.0 = Debug|Any CPU
		{CDCEFDD4-F38E-4DE4-9F35-5CDA9C895714}.Release|Any CPU.ActiveCfg = Release|Any CPU
		{CDCEFDD4-F38E-4DE4-9F35-5CDA9C895714}.Release|Any CPU.Build.0 = Release|Any CPU
		{A48A9861-CD70-49A6-A8F8-6FAA6E4B13BC}.Debug|Any CPU.ActiveCfg = Debug|Any CPU
		{A48A9861-CD70-49A6-A8F8-6FAA6E4B13BC}.Debug|Any CPU.Build.0 = Debug|Any CPU
		{A48A9861-CD70-49A6-A8F8-6FAA6E4B13BC}.Release|Any CPU.ActiveCfg = Release|Any CPU
		{A48A9861-CD70-49A6-A8F8-6FAA6E4B13BC}.Release|Any CPU.Build.0 = Release|Any CPU
		{508A894F-F3EB-40FE-A0CB-3C5C4FA0DA53}.Debug|Any CPU.ActiveCfg = Debug|Any CPU
		{508A894F-F3EB-40FE-A0CB-3C5C4FA0DA53}.Debug|Any CPU.Build.0 = Debug|Any CPU
		{508A894F-F3EB-40FE-A0CB-3C5C4FA0DA53}.Release|Any CPU.ActiveCfg = Release|Any CPU
		{508A894F-F3EB-40FE-A0CB-3C5C4FA0DA53}.Release|Any CPU.Build.0 = Release|Any CPU
		{BA6EEA1E-E214-44CE-80E8-C21E5C568817}.Debug|Any CPU.ActiveCfg = Debug|Any CPU
		{BA6EEA1E-E214-44CE-80E8-C21E5C568817}.Debug|Any CPU.Build.0 = Debug|Any CPU
		{BA6EEA1E-E214-44CE-80E8-C21E5C568817}.Release|Any CPU.ActiveCfg = Release|Any CPU
		{BA6EEA1E-E214-44CE-80E8-C21E5C568817}.Release|Any CPU.Build.0 = Release|Any CPU
		{3A87ADC6-D8A7-4596-BCFC-6D452527BE7B}.Debug|Any CPU.ActiveCfg = Debug|Any CPU
		{3A87ADC6-D8A7-4596-BCFC-6D452527BE7B}.Debug|Any CPU.Build.0 = Debug|Any CPU
		{3A87ADC6-D8A7-4596-BCFC-6D452527BE7B}.Release|Any CPU.ActiveCfg = Release|Any CPU
		{3A87ADC6-D8A7-4596-BCFC-6D452527BE7B}.Release|Any CPU.Build.0 = Release|Any CPU
	EndGlobalSection
	GlobalSection(NestedProjects) = preSolution
		{508A894F-F3EB-40FE-A0CB-3C5C4FA0DA53} = {5A217F2A-861F-4EAE-8764-BAE9E7509C32}
		{BA6EEA1E-E214-44CE-80E8-C21E5C568817} = {76A19145-E10F-4E16-86F8-616490828720}
		{3A87ADC6-D8A7-4596-BCFC-6D452527BE7B} = {76A19145-E10F-4E16-86F8-616490828720}
	EndGlobalSection
EndGlobal
